
Microsoft Visual Studio Solution File, Format Version 11.00
# Visual Studio 2010
Project("{FAE04EC0-301F-11D3-BF4B-00C04F79EFBC}") = "TrelloReport", "TrelloReport\TrelloReport.csproj", "{3FAED713-F180-4388-B6C6-3422A743C137}"
EndProject
Project("{FAE04EC0-301F-11D3-BF4B-00C04F79EFBC}") = "TrelloReport.Tests", "TrelloReport.Tests\TrelloReport.Tests.csproj", "{13150D37-7E0C-48FA-B812-5D6F070EA557}"
EndProject
Project("{2150E333-8FDC-42A3-9474-1A3956D46DE8}") = ".nuget", ".nuget", "{8192C182-EFC2-4DE0-83F6-9E6E35000237}"
	ProjectSection(SolutionItems) = preProject
		.nuget\NuGet.Config = .nuget\NuGet.Config
		.nuget\NuGet.exe = .nuget\NuGet.exe
		.nuget\NuGet.targets = .nuget\NuGet.targets
	EndProjectSection
EndProject
Global
	GlobalSection(SolutionConfigurationPlatforms) = preSolution
		Debug|Any CPU = Debug|Any CPU
		Release|Any CPU = Release|Any CPU
	EndGlobalSection
	GlobalSection(ProjectConfigurationPlatforms) = postSolution
		{3FAED713-F180-4388-B6C6-3422A743C137}.Debug|Any CPU.ActiveCfg = Debug|Any CPU
		{3FAED713-F180-4388-B6C6-3422A743C137}.Debug|Any CPU.Build.0 = Debug|Any CPU
		{3FAED713-F180-4388-B6C6-3422A743C137}.Release|Any CPU.ActiveCfg = Release|Any CPU
		{3FAED713-F180-4388-B6C6-3422A743C137}.Release|Any CPU.Build.0 = Release|Any CPU
		{13150D37-7E0C-48FA-B812-5D6F070EA557}.Debug|Any CPU.ActiveCfg = Debug|Any CPU
		{13150D37-7E0C-48FA-B812-5D6F070EA557}.Debug|Any CPU.Build.0 = Debug|Any CPU
		{13150D37-7E0C-48FA-B812-5D6F070EA557}.Release|Any CPU.ActiveCfg = Release|Any CPU
		{13150D37-7E0C-48FA-B812-5D6F070EA557}.Release|Any CPU.Build.0 = Release|Any CPU
	EndGlobalSection
	GlobalSection(SolutionProperties) = preSolution
		HideSolutionNode = FALSE
	EndGlobalSection
EndGlobal
